// !$*UTF8*$!
{
	archiveVersion = 1;
	classes = {
	};
	objectVersion = 56;
	objects = {

/* Begin PBXBuildFile section */
		0A1FF692285F2D9D007FCE5F /* Bomb_Party_TrainerApp.swift in Sources */ = {isa = PBXBuildFile; fileRef = 0A1FF691285F2D9D007FCE5F /* Bomb_Party_TrainerApp.swift */; };
		0A1FF694285F2D9D007FCE5F /* ContentView.swift in Sources */ = {isa = PBXBuildFile; fileRef = 0A1FF693285F2D9D007FCE5F /* ContentView.swift */; };
		0A1FF696285F2D9F007FCE5F /* Assets.xcassets in Resources */ = {isa = PBXBuildFile; fileRef = 0A1FF695285F2D9F007FCE5F /* Assets.xcassets */; };
		0A1FF699285F2D9F007FCE5F /* Preview Assets.xcassets in Resources */ = {isa = PBXBuildFile; fileRef = 0A1FF698285F2D9F007FCE5F /* Preview Assets.xcassets */; };
		0A1FF6A3285F2D9F007FCE5F /* Bomb_Party_TrainerTests.swift in Sources */ = {isa = PBXBuildFile; fileRef = 0A1FF6A2285F2D9F007FCE5F /* Bomb_Party_TrainerTests.swift */; };
		0A1FF6AD285F2D9F007FCE5F /* Bomb_Party_TrainerUITests.swift in Sources */ = {isa = PBXBuildFile; fileRef = 0A1FF6AC285F2D9F007FCE5F /* Bomb_Party_TrainerUITests.swift */; };
		0A1FF6AF285F2D9F007FCE5F /* Bomb_Party_TrainerUITestsLaunchTests.swift in Sources */ = {isa = PBXBuildFile; fileRef = 0A1FF6AE285F2D9F007FCE5F /* Bomb_Party_TrainerUITestsLaunchTests.swift */; };
/* End PBXBuildFile section */

/* Begin PBXContainerItemProxy section */
		0A1FF69F285F2D9F007FCE5F /* PBXContainerItemProxy */ = {
			isa = PBXContainerItemProxy;
			containerPortal = 0A1FF686285F2D9D007FCE5F /* Project object */;
			proxyType = 1;
			remoteGlobalIDString = 0A1FF68D285F2D9D007FCE5F;
			remoteInfo = "Bomb Party Trainer";
		};
		0A1FF6A9285F2D9F007FCE5F /* PBXContainerItemProxy */ = {
			isa = PBXContainerItemProxy;
			containerPortal = 0A1FF686285F2D9D007FCE5F /* Project object */;
			proxyType = 1;
			remoteGlobalIDString = 0A1FF68D285F2D9D007FCE5F;
			remoteInfo = "Bomb Party Trainer";
		};
/* End PBXContainerItemProxy section */

/* Begin PBXFileReference section */
		0A1FF68E285F2D9D007FCE5F /* Bomb Party Trainer.app */ = {isa = PBXFileReference; explicitFileType = wrapper.application; includeInIndex = 0; path = "Bomb Party Trainer.app"; sourceTree = BUILT_PRODUCTS_DIR; };
		0A1FF691285F2D9D007FCE5F /* Bomb_Party_TrainerApp.swift */ = {isa = PBXFileReference; lastKnownFileType = sourcecode.swift; path = Bomb_Party_TrainerApp.swift; sourceTree = "<group>"; };
		0A1FF693285F2D9D007FCE5F /* ContentView.swift */ = {isa = PBXFileReference; lastKnownFileType = sourcecode.swift; path = ContentView.swift; sourceTree = "<group>"; };
		0A1FF695285F2D9F007FCE5F /* Assets.xcassets */ = {isa = PBXFileReference; lastKnownFileType = folder.assetcatalog; path = Assets.xcassets; sourceTree = "<group>"; };
		0A1FF698285F2D9F007FCE5F /* Preview Assets.xcassets */ = {isa = PBXFileReference; lastKnownFileType = folder.assetcatalog; path = "Preview Assets.xcassets"; sourceTree = "<group>"; };
		0A1FF69E285F2D9F007FCE5F /* Bomb Party TrainerTests.xctest */ = {isa = PBXFileReference; explicitFileType = wrapper.cfbundle; includeInIndex = 0; path = "Bomb Party TrainerTests.xctest"; sourceTree = BUILT_PRODUCTS_DIR; };
		0A1FF6A2285F2D9F007FCE5F /* Bomb_Party_TrainerTests.swift */ = {isa = PBXFileReference; lastKnownFileType = sourcecode.swift; path = Bomb_Party_TrainerTests.swift; sourceTree = "<group>"; };
		0A1FF6A8285F2D9F007FCE5F /* Bomb Party TrainerUITests.xctest */ = {isa = PBXFileReference; explicitFileType = wrapper.cfbundle; includeInIndex = 0; path = "Bomb Party TrainerUITests.xctest"; sourceTree = BUILT_PRODUCTS_DIR; };
		0A1FF6AC285F2D9F007FCE5F /* Bomb_Party_TrainerUITests.swift */ = {isa = PBXFileReference; lastKnownFileType = sourcecode.swift; path = Bomb_Party_TrainerUITests.swift; sourceTree = "<group>"; };
		0A1FF6AE285F2D9F007FCE5F /* Bomb_Party_TrainerUITestsLaunchTests.swift */ = {isa = PBXFileReference; lastKnownFileType = sourcecode.swift; path = Bomb_Party_TrainerUITestsLaunchTests.swift; sourceTree = "<group>"; };
/* End PBXFileReference section */

/* Begin PBXFrameworksBuildPhase section */
		0A1FF68B285F2D9D007FCE5F /* Frameworks */ = {
			isa = PBXFrameworksBuildPhase;
			buildActionMask = 2147483647;
			files = (
			);
			runOnlyForDeploymentPostprocessing = 0;
		};
		0A1FF69B285F2D9F007FCE5F /* Frameworks */ = {
			isa = PBXFrameworksBuildPhase;
			buildActionMask = 2147483647;
			files = (
			);
			runOnlyForDeploymentPostprocessing = 0;
		};
		0A1FF6A5285F2D9F007FCE5F /* Frameworks */ = {
			isa = PBXFrameworksBuildPhase;
			buildActionMask = 2147483647;
			files = (
			);
			runOnlyForDeploymentPostprocessing = 0;
		};
/* End PBXFrameworksBuildPhase section */

/* Begin PBXGroup section */
		0A1FF685285F2D9D007FCE5F = {
			isa = PBXGroup;
			children = (
				0A1FF690285F2D9D007FCE5F /* Bomb Party Trainer */,
				0A1FF6A1285F2D9F007FCE5F /* Bomb Party TrainerTests */,
				0A1FF6AB285F2D9F007FCE5F /* Bomb Party TrainerUITests */,
				0A1FF68F285F2D9D007FCE5F /* Products */,
			);
			sourceTree = "<group>";
		};
		0A1FF68F285F2D9D007FCE5F /* Products */ = {
			isa = PBXGroup;
			children = (
				0A1FF68E285F2D9D007FCE5F /* Bomb Party Trainer.app */,
				0A1FF69E285F2D9F007FCE5F /* Bomb Party TrainerTests.xctest */,
				0A1FF6A8285F2D9F007FCE5F /* Bomb Party TrainerUITests.xctest */,
			);
			name = Products;
			sourceTree = "<group>";
		};
		0A1FF690285F2D9D007FCE5F /* Bomb Party Trainer */ = {
			isa = PBXGroup;
			children = (
				0A1FF691285F2D9D007FCE5F /* Bomb_Party_TrainerApp.swift */,
				0A1FF693285F2D9D007FCE5F /* ContentView.swift */,
				0A1FF695285F2D9F007FCE5F /* Assets.xcassets */,
				0A1FF697285F2D9F007FCE5F /* Preview Content */,
			);
			path = "Bomb Party Trainer";
			sourceTree = "<group>";
		};
		0A1FF697285F2D9F007FCE5F /* Preview Content */ = {
			isa = PBXGroup;
			children = (
				0A1FF698285F2D9F007FCE5F /* Preview Assets.xcassets */,
			);
			path = "Preview Content";
			sourceTree = "<group>";
		};
		0A1FF6A1285F2D9F007FCE5F /* Bomb Party TrainerTests */ = {
			isa = PBXGroup;
			children = (
				0A1FF6A2285F2D9F007FCE5F /* Bomb_Party_TrainerTests.swift */,
			);
			path = "Bomb Party TrainerTests";
			sourceTree = "<group>";
		};
		0A1FF6AB285F2D9F007FCE5F /* Bomb Party TrainerUITests */ = {
			isa = PBXGroup;
			children = (
				0A1FF6AC285F2D9F007FCE5F /* Bomb_Party_TrainerUITests.swift */,
				0A1FF6AE285F2D9F007FCE5F /* Bomb_Party_TrainerUITestsLaunchTests.swift */,
			);
			path = "Bomb Party TrainerUITests";
			sourceTree = "<group>";
		};
/* End PBXGroup section */

/* Begin PBXNativeTarget section */
		0A1FF68D285F2D9D007FCE5F /* Bomb Party Trainer */ = {
			isa = PBXNativeTarget;
			buildConfigurationList = 0A1FF6B2285F2D9F007FCE5F /* Build configuration list for PBXNativeTarget "Bomb Party Trainer" */;
			buildPhases = (
				0A1FF68A285F2D9D007FCE5F /* Sources */,
				0A1FF68B285F2D9D007FCE5F /* Frameworks */,
				0A1FF68C285F2D9D007FCE5F /* Resources */,
			);
			buildRules = (
			);
			dependencies = (
			);
			name = "Bomb Party Trainer";
			productName = "Bomb Party Trainer";
			productReference = 0A1FF68E285F2D9D007FCE5F /* Bomb Party Trainer.app */;
			productType = "com.apple.product-type.application";
		};
		0A1FF69D285F2D9F007FCE5F /* Bomb Party TrainerTests */ = {
			isa = PBXNativeTarget;
			buildConfigurationList = 0A1FF6B5285F2D9F007FCE5F /* Build configuration list for PBXNativeTarget "Bomb Party TrainerTests" */;
			buildPhases = (
				0A1FF69A285F2D9F007FCE5F /* Sources */,
				0A1FF69B285F2D9F007FCE5F /* Frameworks */,
				0A1FF69C285F2D9F007FCE5F /* Resources */,
			);
			buildRules = (
			);
			dependencies = (
				0A1FF6A0285F2D9F007FCE5F /* PBXTargetDependency */,
			);
			name = "Bomb Party TrainerTests";
			productName = "Bomb Party TrainerTests";
			productReference = 0A1FF69E285F2D9F007FCE5F /* Bomb Party TrainerTests.xctest */;
			productType = "com.apple.product-type.bundle.unit-test";
		};
		0A1FF6A7285F2D9F007FCE5F /* Bomb Party TrainerUITests */ = {
			isa = PBXNativeTarget;
			buildConfigurationList = 0A1FF6B8285F2D9F007FCE5F /* Build configuration list for PBXNativeTarget "Bomb Party TrainerUITests" */;
			buildPhases = (
				0A1FF6A4285F2D9F007FCE5F /* Sources */,
				0A1FF6A5285F2D9F007FCE5F /* Frameworks */,
				0A1FF6A6285F2D9F007FCE5F /* Resources */,
			);
			buildRules = (
			);
			dependencies = (
				0A1FF6AA285F2D9F007FCE5F /* PBXTargetDependency */,
			);
			name = "Bomb Party TrainerUITests";
			productName = "Bomb Party TrainerUITests";
			productReference = 0A1FF6A8285F2D9F007FCE5F /* Bomb Party TrainerUITests.xctest */;
			productType = "com.apple.product-type.bundle.ui-testing";
		};
/* End PBXNativeTarget section */

/* Begin PBXProject section */
		0A1FF686285F2D9D007FCE5F /* Project object */ = {
			isa = PBXProject;
			attributes = {
				BuildIndependentTargetsInParallel = 1;
				LastSwiftUpdateCheck = 1400;
				LastUpgradeCheck = 1400;
				TargetAttributes = {
					0A1FF68D285F2D9D007FCE5F = {
						CreatedOnToolsVersion = 14.0;
					};
					0A1FF69D285F2D9F007FCE5F = {
						CreatedOnToolsVersion = 14.0;
						TestTargetID = 0A1FF68D285F2D9D007FCE5F;
					};
					0A1FF6A7285F2D9F007FCE5F = {
						CreatedOnToolsVersion = 14.0;
						TestTargetID = 0A1FF68D285F2D9D007FCE5F;
					};
				};
			};
			buildConfigurationList = 0A1FF689285F2D9D007FCE5F /* Build configuration list for PBXProject "Bomb Party Trainer" */;
			compatibilityVersion = "Xcode 14.0";
			developmentRegion = en;
			hasScannedForEncodings = 0;
			knownRegions = (
				en,
				Base,
			);
			mainGroup = 0A1FF685285F2D9D007FCE5F;
			productRefGroup = 0A1FF68F285F2D9D007FCE5F /* Products */;
			projectDirPath = "";
			projectRoot = "";
			targets = (
				0A1FF68D285F2D9D007FCE5F /* Bomb Party Trainer */,
				0A1FF69D285F2D9F007FCE5F /* Bomb Party TrainerTests */,
				0A1FF6A7285F2D9F007FCE5F /* Bomb Party TrainerUITests */,
			);
		};
/* End PBXProject section */

/* Begin PBXResourcesBuildPhase section */
		0A1FF68C285F2D9D007FCE5F /* Resources */ = {
			isa = PBXResourcesBuildPhase;
			buildActionMask = 2147483647;
			files = (
				0A1FF699285F2D9F007FCE5F /* Preview Assets.xcassets in Resources */,
				0A1FF696285F2D9F007FCE5F /* Assets.xcassets in Resources */,
			);
			runOnlyForDeploymentPostprocessing = 0;
		};
		0A1FF69C285F2D9F007FCE5F /* Resources */ = {
			isa = PBXResourcesBuildPhase;
			buildActionMask = 2147483647;
			files = (
			);
			runOnlyForDeploymentPostprocessing = 0;
		};
		0A1FF6A6285F2D9F007FCE5F /* Resources */ = {
			isa = PBXResourcesBuildPhase;
			buildActionMask = 2147483647;
			files = (
			);
			runOnlyForDeploymentPostprocessing = 0;
		};
/* End PBXResourcesBuildPhase section */

/* Begin PBXSourcesBuildPhase section */
		0A1FF68A285F2D9D007FCE5F /* Sources */ = {
			isa = PBXSourcesBuildPhase;
			buildActionMask = 2147483647;
			files = (
				0A1FF694285F2D9D007FCE5F /* ContentView.swift in Sources */,
				0A1FF692285F2D9D007FCE5F /* Bomb_Party_TrainerApp.swift in Sources */,
			);
			runOnlyForDeploymentPostprocessing = 0;
		};
		0A1FF69A285F2D9F007FCE5F /* Sources */ = {
			isa = PBXSourcesBuildPhase;
			buildActionMask = 2147483647;
			files = (
				0A1FF6A3285F2D9F007FCE5F /* Bomb_Party_TrainerTests.swift in Sources */,
			);
			runOnlyForDeploymentPostprocessing = 0;
		};
		0A1FF6A4285F2D9F007FCE5F /* Sources */ = {
			isa = PBXSourcesBuildPhase;
			buildActionMask = 2147483647;
			files = (
				0A1FF6AD285F2D9F007FCE5F /* Bomb_Party_TrainerUITests.swift in Sources */,
				0A1FF6AF285F2D9F007FCE5F /* Bomb_Party_TrainerUITestsLaunchTests.swift in Sources */,
			);
			runOnlyForDeploymentPostprocessing = 0;
		};
/* End PBXSourcesBuildPhase section */

/* Begin PBXTargetDependency section */
		0A1FF6A0285F2D9F007FCE5F /* PBXTargetDependency */ = {
			isa = PBXTargetDependency;
			target = 0A1FF68D285F2D9D007FCE5F /* Bomb Party Trainer */;
			targetProxy = 0A1FF69F285F2D9F007FCE5F /* PBXContainerItemProxy */;
		};
		0A1FF6AA285F2D9F007FCE5F /* PBXTargetDependency */ = {
			isa = PBXTargetDependency;
			target = 0A1FF68D285F2D9D007FCE5F /* Bomb Party Trainer */;
			targetProxy = 0A1FF6A9285F2D9F007FCE5F /* PBXContainerItemProxy */;
		};
/* End PBXTargetDependency section */

/* Begin XCBuildConfiguration section */
		0A1FF6B0285F2D9F007FCE5F /* Debug */ = {
			isa = XCBuildConfiguration;
			buildSettings = {
				ALWAYS_SEARCH_USER_PATHS = NO;
				CLANG_ANALYZER_NONNULL = YES;
				CLANG_ANALYZER_NUMBER_OBJECT_CONVERSION = YES_AGGRESSIVE;
				CLANG_CXX_LANGUAGE_STANDARD = "gnu++17";
				CLANG_ENABLE_MODULES = YES;
				CLANG_ENABLE_OBJC_ARC = YES;
				CLANG_ENABLE_OBJC_WEAK = YES;
				CLANG_WARN_BLOCK_CAPTURE_AUTORELEASING = YES;
				CLANG_WARN_BOOL_CONVERSION = YES;
				CLANG_WARN_COMMA = YES;
				CLANG_WARN_CONSTANT_CONVERSION = YES;
				CLANG_WARN_DEPRECATED_OBJC_IMPLEMENTATIONS = YES;
				CLANG_WARN_DIRECT_OBJC_ISA_USAGE = YES_ERROR;
				CLANG_WARN_DOCUMENTATION_COMMENTS = YES;
				CLANG_WARN_EMPTY_BODY = YES;
				CLANG_WARN_ENUM_CONVERSION = YES;
				CLANG_WARN_INFINITE_RECURSION = YES;
				CLANG_WARN_INT_CONVERSION = YES;
				CLANG_WARN_NON_LITERAL_NULL_CONVERSION = YES;
				CLANG_WARN_OBJC_IMPLICIT_RETAIN_SELF = YES;
				CLANG_WARN_OBJC_LITERAL_CONVERSION = YES;
				CLANG_WARN_OBJC_ROOT_CLASS = YES_ERROR;
				CLANG_WARN_QUOTED_INCLUDE_IN_FRAMEWORK_HEADER = YES;
				CLANG_WARN_RANGE_LOOP_ANALYSIS = YES;
				CLANG_WARN_STRICT_PROTOTYPES = YES;
				CLANG_WARN_SUSPICIOUS_MOVE = YES;
				CLANG_WARN_UNGUARDED_AVAILABILITY = YES_AGGRESSIVE;
				CLANG_WARN_UNREACHABLE_CODE = YES;
				CLANG_WARN__DUPLICATE_METHOD_MATCH = YES;
				COPY_PHASE_STRIP = NO;
				DEBUG_INFORMATION_FORMAT = dwarf;
				ENABLE_STRICT_OBJC_MSGSEND = YES;
				ENABLE_TESTABILITY = YES;
				GCC_C_LANGUAGE_STANDARD = gnu11;
				GCC_DYNAMIC_NO_PIC = NO;
				GCC_NO_COMMON_BLOCKS = YES;
				GCC_OPTIMIZATION_LEVEL = 0;
				GCC_PREPROCESSOR_DEFINITIONS = (
					"DEBUG=1",
					"$(inherited)",
				);
				GCC_WARN_64_TO_32_BIT_CONVERSION = YES;
				GCC_WARN_ABOUT_RETURN_TYPE = YES_ERROR;
				GCC_WARN_UNDECLARED_SELECTOR = YES;
				GCC_WARN_UNINITIALIZED_AUTOS = YES_AGGRESSIVE;
				GCC_WARN_UNUSED_FUNCTION = YES;
				GCC_WARN_UNUSED_VARIABLE = YES;
				IPHONEOS_DEPLOYMENT_TARGET = 16.0;
				MTL_ENABLE_DEBUG_INFO = INCLUDE_SOURCE;
				MTL_FAST_MATH = YES;
				ONLY_ACTIVE_ARCH = YES;
				SDKROOT = iphoneos;
				SWIFT_ACTIVE_COMPILATION_CONDITIONS = DEBUG;
				SWIFT_OPTIMIZATION_LEVEL = "-Onone";
			};
			name = Debug;
		};
		0A1FF6B1285F2D9F007FCE5F /* Release */ = {
			isa = XCBuildConfiguration;
			buildSettings = {
				ALWAYS_SEARCH_USER_PATHS = NO;
				CLANG_ANALYZER_NONNULL = YES;
				CLANG_ANALYZER_NUMBER_OBJECT_CONVERSION = YES_AGGRESSIVE;
				CLANG_CXX_LANGUAGE_STANDARD = "gnu++17";
				CLANG_ENABLE_MODULES = YES;
				CLANG_ENABLE_OBJC_ARC = YES;
				CLANG_ENABLE_OBJC_WEAK = YES;
				CLANG_WARN_BLOCK_CAPTURE_AUTORELEASING = YES;
				CLANG_WARN_BOOL_CONVERSION = YES;
				CLANG_WARN_COMMA = YES;
				CLANG_WARN_CONSTANT_CONVERSION = YES;
				CLANG_WARN_DEPRECATED_OBJC_IMPLEMENTATIONS = YES;
				CLANG_WARN_DIRECT_OBJC_ISA_USAGE = YES_ERROR;
				CLANG_WARN_DOCUMENTATION_COMMENTS = YES;
				CLANG_WARN_EMPTY_BODY = YES;
				CLANG_WARN_ENUM_CONVERSION = YES;
				CLANG_WARN_INFINITE_RECURSION = YES;
				CLANG_WARN_INT_CONVERSION = YES;
				CLANG_WARN_NON_LITERAL_NULL_CONVERSION = YES;
				CLANG_WARN_OBJC_IMPLICIT_RETAIN_SELF = YES;
				CLANG_WARN_OBJC_LITERAL_CONVERSION = YES;
				CLANG_WARN_OBJC_ROOT_CLASS = YES_ERROR;
				CLANG_WARN_QUOTED_INCLUDE_IN_FRAMEWORK_HEADER = YES;
				CLANG_WARN_RANGE_LOOP_ANALYSIS = YES;
				CLANG_WARN_STRICT_PROTOTYPES = YES;
				CLANG_WARN_SUSPICIOUS_MOVE = YES;
				CLANG_WARN_UNGUARDED_AVAILABILITY = YES_AGGRESSIVE;
				CLANG_WARN_UNREACHABLE_CODE = YES;
				CLANG_WARN__DUPLICATE_METHOD_MATCH = YES;
				COPY_PHASE_STRIP = NO;
				DEBUG_INFORMATION_FORMAT = "dwarf-with-dsym";
				ENABLE_NS_ASSERTIONS = NO;
				ENABLE_STRICT_OBJC_MSGSEND = YES;
				GCC_C_LANGUAGE_STANDARD = gnu11;
				GCC_NO_COMMON_BLOCKS = YES;
				GCC_WARN_64_TO_32_BIT_CONVERSION = YES;
				GCC_WARN_ABOUT_RETURN_TYPE = YES_ERROR;
				GCC_WARN_UNDECLARED_SELECTOR = YES;
				GCC_WARN_UNINITIALIZED_AUTOS = YES_AGGRESSIVE;
				GCC_WARN_UNUSED_FUNCTION = YES;
				GCC_WARN_UNUSED_VARIABLE = YES;
				IPHONEOS_DEPLOYMENT_TARGET = 16.0;
				MTL_ENABLE_DEBUG_INFO = NO;
				MTL_FAST_MATH = YES;
				SDKROOT = iphoneos;
				SWIFT_COMPILATION_MODE = wholemodule;
				SWIFT_OPTIMIZATION_LEVEL = "-O";
				VALIDATE_PRODUCT = YES;
			};
			name = Release;
		};
		0A1FF6B3285F2D9F007FCE5F /* Debug */ = {
			isa = XCBuildConfiguration;
			buildSettings = {
				ASSETCATALOG_COMPILER_APPICON_NAME = AppIcon;
				ASSETCATALOG_COMPILER_GLOBAL_ACCENT_COLOR_NAME = AccentColor;
				CODE_SIGN_STYLE = Automatic;
				CURRENT_PROJECT_VERSION = 1;
				DEVELOPMENT_ASSET_PATHS = "\"Bomb Party Trainer/Preview Content\"";
				DEVELOPMENT_TEAM = RV78ENMXZ2;
				ENABLE_PREVIEWS = YES;
				GENERATE_INFOPLIST_FILE = YES;
				INFOPLIST_KEY_UIApplicationSceneManifest_Generation = YES;
				INFOPLIST_KEY_UIApplicationSupportsIndirectInputEvents = YES;
				INFOPLIST_KEY_UILaunchScreen_Generation = YES;
				INFOPLIST_KEY_UISupportedInterfaceOrientations_iPad = "UIInterfaceOrientationPortrait UIInterfaceOrientationPortraitUpsideDown UIInterfaceOrientationLandscapeLeft UIInterfaceOrientationLandscapeRight";
				INFOPLIST_KEY_UISupportedInterfaceOrientations_iPhone = "UIInterfaceOrientationPortrait UIInterfaceOrientationLandscapeLeft UIInterfaceOrientationLandscapeRight";
				LD_RUNPATH_SEARCH_PATHS = (
					"$(inherited)",
					"@executable_path/Frameworks",
				);
				MARKETING_VERSION = 1.0;
				PRODUCT_BUNDLE_IDENTIFIER = "luckdev.Bomb-Party-Trainer";
				PRODUCT_NAME = "$(TARGET_NAME)";
				SWIFT_EMIT_LOC_STRINGS = YES;
				SWIFT_VERSION = 5.0;
				TARGETED_DEVICE_FAMILY = "1,2";
			};
			name = Debug;
		};
		0A1FF6B4285F2D9F007FCE5F /* Release */ = {
			isa = XCBuildConfiguration;
			buildSettings = {
				ASSETCATALOG_COMPILER_APPICON_NAME = AppIcon;
				ASSETCATALOG_COMPILER_GLOBAL_ACCENT_COLOR_NAME = AccentColor;
				CODE_SIGN_STYLE = Automatic;
				CURRENT_PROJECT_VERSION = 1;
				DEVELOPMENT_ASSET_PATHS = "\"Bomb Party Trainer/Preview Content\"";
				DEVELOPMENT_TEAM = RV78ENMXZ2;
				ENABLE_PREVIEWS = YES;
				GENERATE_INFOPLIST_FILE = YES;
				INFOPLIST_KEY_UIApplicationSceneManifest_Generation = YES;
				INFOPLIST_KEY_UIApplicationSupportsIndirectInputEvents = YES;
				INFOPLIST_KEY_UILaunchScreen_Generation = YES;
				INFOPLIST_KEY_UISupportedInterfaceOrientations_iPad = "UIInterfaceOrientationPortrait UIInterfaceOrientationPortraitUpsideDown UIInterfaceOrientationLandscapeLeft UIInterfaceOrientationLandscapeRight";
				INFOPLIST_KEY_UISupportedInterfaceOrientations_iPhone = "UIInterfaceOrientationPortrait UIInterfaceOrientationLandscapeLeft UIInterfaceOrientationLandscapeRight";
				LD_RUNPATH_SEARCH_PATHS = (
					"$(inherited)",
					"@executable_path/Frameworks",
				);
				MARKETING_VERSION = 1.0;
				PRODUCT_BUNDLE_IDENTIFIER = "luckdev.Bomb-Party-Trainer";
				PRODUCT_NAME = "$(TARGET_NAME)";
				SWIFT_EMIT_LOC_STRINGS = YES;
				SWIFT_VERSION = 5.0;
				TARGETED_DEVICE_FAMILY = "1,2";
			};
			name = Release;
		};
		0A1FF6B6285F2D9F007FCE5F /* Debug */ = {
			isa = XCBuildConfiguration;
			buildSettings = {
				ALWAYS_EMBED_SWIFT_STANDARD_LIBRARIES = YES;
				BUNDLE_LOADER = "$(TEST_HOST)";
				CODE_SIGN_STYLE = Automatic;
				CURRENT_PROJECT_VERSION = 1;
				DEVELOPMENT_TEAM = RV78ENMXZ2;
				GENERATE_INFOPLIST_FILE = YES;
				IPHONEOS_DEPLOYMENT_TARGET = 16.0;
				MARKETING_VERSION = 1.0;
				PRODUCT_BUNDLE_IDENTIFIER = "luckdev.Bomb-Party-TrainerTests";
				PRODUCT_NAME = "$(TARGET_NAME)";
				SWIFT_EMIT_LOC_STRINGS = NO;
				SWIFT_VERSION = 5.0;
				TARGETED_DEVICE_FAMILY = "1,2";
				TEST_HOST = "$(BUILT_PRODUCTS_DIR)/Bomb Party Trainer.app/$(BUNDLE_EXECUTABLE_FOLDER_PATH)/Bomb Party Trainer";
			};
			name = Debug;
		};
		0A1FF6B7285F2D9F007FCE5F /* Release */ = {
			isa = XCBuildConfiguration;
			buildSettings = {
				ALWAYS_EMBED_SWIFT_STANDARD_LIBRARIES = YES;
				BUNDLE_LOADER = "$(TEST_HOST)";
				CODE_SIGN_STYLE = Automatic;
				CURRENT_PROJECT_VERSION = 1;
				DEVELOPMENT_TEAM = RV78ENMXZ2;
				GENERATE_INFOPLIST_FILE = YES;
				IPHONEOS_DEPLOYMENT_TARGET = 16.0;
				MARKETING_VERSION = 1.0;
				PRODUCT_BUNDLE_IDENTIFIER = "luckdev.Bomb-Party-TrainerTests";
				PRODUCT_NAME = "$(TARGET_NAME)";
				SWIFT_EMIT_LOC_STRINGS = NO;
				SWIFT_VERSION = 5.0;
				TARGETED_DEVICE_FAMILY = "1,2";
				TEST_HOST = "$(BUILT_PRODUCTS_DIR)/Bomb Party Trainer.app/$(BUNDLE_EXECUTABLE_FOLDER_PATH)/Bomb Party Trainer";
			};
			name = Release;
		};
		0A1FF6B9285F2D9F007FCE5F /* Debug */ = {
			isa = XCBuildConfiguration;
			buildSettings = {
				ALWAYS_EMBED_SWIFT_STANDARD_LIBRARIES = YES;
				CODE_SIGN_STYLE = Automatic;
				CURRENT_PROJECT_VERSION = 1;
				DEVELOPMENT_TEAM = RV78ENMXZ2;
				GENERATE_INFOPLIST_FILE = YES;
				MARKETING_VERSION = 1.0;
				PRODUCT_BUNDLE_IDENTIFIER = "luckdev.Bomb-Party-TrainerUITests";
				PRODUCT_NAME = "$(TARGET_NAME)";
				SWIFT_EMIT_LOC_STRINGS = NO;
				SWIFT_VERSION = 5.0;
				TARGETED_DEVICE_FAMILY = "1,2";
				TEST_TARGET_NAME = "Bomb Party Trainer";
			};
			name = Debug;
		};
		0A1FF6BA285F2D9F007FCE5F /* Release */ = {
			isa = XCBuildConfiguration;
			buildSettings = {
				ALWAYS_EMBED_SWIFT_STANDARD_LIBRARIES = YES;
				CODE_SIGN_STYLE = Automatic;
				CURRENT_PROJECT_VERSION = 1;
				DEVELOPMENT_TEAM = RV78ENMXZ2;
				GENERATE_INFOPLIST_FILE = YES;
				MARKETING_VERSION = 1.0;
				PRODUCT_BUNDLE_IDENTIFIER = "luckdev.Bomb-Party-TrainerUITests";
				PRODUCT_NAME = "$(TARGET_NAME)";
				SWIFT_EMIT_LOC_STRINGS = NO;
				SWIFT_VERSION = 5.0;
				TARGETED_DEVICE_FAMILY = "1,2";
				TEST_TARGET_NAME = "Bomb Party Trainer";
			};
			name = Release;
		};
/* End XCBuildConfiguration section */

/* Begin XCConfigurationList section */
		0A1FF689285F2D9D007FCE5F /* Build configuration list for PBXProject "Bomb Party Trainer" */ = {
			isa = XCConfigurationList;
			buildConfigurations = (
				0A1FF6B0285F2D9F007FCE5F /* Debug */,
				0A1FF6B1285F2D9F007FCE5F /* Release */,
			);
			defaultConfigurationIsVisible = 0;
			defaultConfigurationName = Release;
		};
		0A1FF6B2285F2D9F007FCE5F /* Build configuration list for PBXNativeTarget "Bomb Party Trainer" */ = {
			isa = XCConfigurationList;
			buildConfigurations = (
				0A1FF6B3285F2D9F007FCE5F /* Debug */,
				0A1FF6B4285F2D9F007FCE5F /* Release */,
			);
			defaultConfigurationIsVisible = 0;
			defaultConfigurationName = Release;
		};
		0A1FF6B5285F2D9F007FCE5F /* Build configuration list for PBXNativeTarget "Bomb Party TrainerTests" */ = {
			isa = XCConfigurationList;
			buildConfigurations = (
				0A1FF6B6285F2D9F007FCE5F /* Debug */,
				0A1FF6B7285F2D9F007FCE5F /* Release */,
			);
			defaultConfigurationIsVisible = 0;
			defaultConfigurationName = Release;
		};
		0A1FF6B8285F2D9F007FCE5F /* Build configuration list for PBXNativeTarget "Bomb Party TrainerUITests" */ = {
			isa = XCConfigurationList;
			buildConfigurations = (
				0A1FF6B9285F2D9F007FCE5F /* Debug */,
				0A1FF6BA285F2D9F007FCE5F /* Release */,
			);
			defaultConfigurationIsVisible = 0;
			defaultConfigurationName = Release;
		};
/* End XCConfigurationList section */
	};
	rootObject = 0A1FF686285F2D9D007FCE5F /* Project object */;
}
